
Microsoft Visual Studio Solution File, Format Version 12.00
# Visual Studio Version 16
VisualStudioVersion = 16.0.29709.97
MinimumVisualStudioVersion = 10.0.40219.1
Project("{FAE04EC0-301F-11D3-BF4B-00C04F79EFBC}") = "Инвентаризация на предприятии", "Инвентаризация на предприятии\Инвентаризация на предприятии.csproj", "{3AC1AB3F-3D35-4FC3-9F0A-D09A60469A18}"
EndProject
Global
	GlobalSection(SolutionConfigurationPlatforms) = preSolution
		Debug|Any CPU = Debug|Any CPU
		Release|Any CPU = Release|Any CPU
	EndGlobalSection
	GlobalSection(ProjectConfigurationPlatforms) = postSolution
		{3AC1AB3F-3D35-4FC3-9F0A-D09A60469A18}.Debug|Any CPU.ActiveCfg = Debug|Any CPU
		{3AC1AB3F-3D35-4FC3-9F0A-D09A60469A18}.Debug|Any CPU.Build.0 = Debug|Any CPU
		{3AC1AB3F-3D35-4FC3-9F0A-D09A60469A18}.Release|Any CPU.ActiveCfg = Release|Any CPU
		{3AC1AB3F-3D35-4FC3-9F0A-D09A60469A18}.Release|Any CPU.Build.0 = Release|Any CPU
	EndGlobalSection
	GlobalSection(SolutionProperties) = preSolution
		HideSolutionNode = FALSE
	EndGlobalSection
	GlobalSection(ExtensibilityGlobals) = postSolution
		SolutionGuid = {E0B66525-57E0-4024-9766-3205283E5FDD}
	EndGlobalSection
EndGlobal
